
Microsoft Visual Studio Solution File, Format Version 12.00
# Visual Studio Version 16
VisualStudioVersion = 16.0.31025.194
MinimumVisualStudioVersion = 10.0.40219.1
Project("{FAE04EC0-301F-11D3-BF4B-00C04F79EFBC}") = "zentao", "zentao\zentao.csproj", "{BA963EF9-9EE3-4855-A543-B80068FB538D}"
EndProject
Global
	GlobalSection(SolutionConfigurationPlatforms) = preSolution
		Debug|Any CPU = Debug|Any CPU
		Release|Any CPU = Release|Any CPU
	EndGlobalSection
	GlobalSection(ProjectConfigurationPlatforms) = postSolution
		{BA963EF9-9EE3-4855-A543-B80068FB538D}.Debug|Any CPU.ActiveCfg = Debug|Any CPU
		{BA963EF9-9EE3-4855-A543-B80068FB538D}.Debug|Any CPU.Build.0 = Debug|Any CPU
		{BA963EF9-9EE3-4855-A543-B80068FB538D}.Release|Any CPU.ActiveCfg = Release|Any CPU
		{BA963EF9-9EE3-4855-A543-B80068FB538D}.Release|Any CPU.Build.0 = Release|Any CPU
	EndGlobalSection
	GlobalSection(SolutionProperties) = preSolution
		HideSolutionNode = FALSE
	EndGlobalSection
	GlobalSection(ExtensibilityGlobals) = postSolution
		SolutionGuid = {DAA45B2F-739A-4E37-8F55-DF1163336CAF}
	EndGlobalSection
EndGlobal
