
Microsoft Visual Studio Solution File, Format Version 12.00
# Visual Studio Version 16
VisualStudioVersion = 16.0.31019.35
MinimumVisualStudioVersion = 10.0.40219.1
Project("{FAE04EC0-301F-11D3-BF4B-00C04F79EFBC}") = "BigTalk", "BigTalk\BigTalk.csproj", "{3F39C106-E355-48EB-A161-58AFBC9F5055}"
EndProject
Global
	GlobalSection(SolutionConfigurationPlatforms) = preSolution
		Debug|Any CPU = Debug|Any CPU
		Release|Any CPU = Release|Any CPU
	EndGlobalSection
	GlobalSection(ProjectConfigurationPlatforms) = postSolution
		{3F39C106-E355-48EB-A161-58AFBC9F5055}.Debug|Any CPU.ActiveCfg = Debug|Any CPU
		{3F39C106-E355-48EB-A161-58AFBC9F5055}.Debug|Any CPU.Build.0 = Debug|Any CPU
		{3F39C106-E355-48EB-A161-58AFBC9F5055}.Release|Any CPU.ActiveCfg = Release|Any CPU
		{3F39C106-E355-48EB-A161-58AFBC9F5055}.Release|Any CPU.Build.0 = Release|Any CPU
	EndGlobalSection
	GlobalSection(SolutionProperties) = preSolution
		HideSolutionNode = FALSE
	EndGlobalSection
	GlobalSection(ExtensibilityGlobals) = postSolution
		SolutionGuid = {97DCF540-BB52-469A-8785-2EF7496E50D7}
	EndGlobalSection
EndGlobal
