
Microsoft Visual Studio Solution File, Format Version 12.00
# Visual Studio Version 16
VisualStudioVersion = 16.0.31025.194
MinimumVisualStudioVersion = 10.0.40219.1
Project("{FAE04EC0-301F-11D3-BF4B-00C04F79EFBC}") = "BigTalk", "BigTalk\BigTalk.csproj", "{89E35FAE-EBEC-43AC-95A2-B93CA7FE85A4}"
EndProject
Project("{FAE04EC0-301F-11D3-BF4B-00C04F79EFBC}") = "code", "code\code.csproj", "{98BA421D-3EF7-411A-8717-31D7A30B9651}"
EndProject
Global
	GlobalSection(SolutionConfigurationPlatforms) = preSolution
		Debug|Any CPU = Debug|Any CPU
		Release|Any CPU = Release|Any CPU
	EndGlobalSection
	GlobalSection(ProjectConfigurationPlatforms) = postSolution
		{89E35FAE-EBEC-43AC-95A2-B93CA7FE85A4}.Debug|Any CPU.ActiveCfg = Debug|Any CPU
		{89E35FAE-EBEC-43AC-95A2-B93CA7FE85A4}.Debug|Any CPU.Build.0 = Debug|Any CPU
		{89E35FAE-EBEC-43AC-95A2-B93CA7FE85A4}.Release|Any CPU.ActiveCfg = Release|Any CPU
		{89E35FAE-EBEC-43AC-95A2-B93CA7FE85A4}.Release|Any CPU.Build.0 = Release|Any CPU
		{98BA421D-3EF7-411A-8717-31D7A30B9651}.Debug|Any CPU.ActiveCfg = Debug|Any CPU
		{98BA421D-3EF7-411A-8717-31D7A30B9651}.Debug|Any CPU.Build.0 = Debug|Any CPU
		{98BA421D-3EF7-411A-8717-31D7A30B9651}.Release|Any CPU.ActiveCfg = Release|Any CPU
		{98BA421D-3EF7-411A-8717-31D7A30B9651}.Release|Any CPU.Build.0 = Release|Any CPU
	EndGlobalSection
	GlobalSection(SolutionProperties) = preSolution
		HideSolutionNode = FALSE
	EndGlobalSection
	GlobalSection(ExtensibilityGlobals) = postSolution
		SolutionGuid = {F2B07CD7-8D91-4915-82ED-428A86588B75}
	EndGlobalSection
EndGlobal
